
Microsoft Visual Studio Solution File, Format Version 12.00
# Visual Studio 2012
Project("{FAE04EC0-301F-11D3-BF4B-00C04F79EFBC}") = "ConsoleApplication1", "ConsoleApplication1\ConsoleApplication1.csproj", "{EC7B1C28-4191-4AA8-BAD9-67E67BA40A5C}"
EndProject
Global
	GlobalSection(SolutionConfigurationPlatforms) = preSolution
		Debug|Any CPU = Debug|Any CPU
		Release|Any CPU = Release|Any CPU
	EndGlobalSection
	GlobalSection(ProjectConfigurationPlatforms) = postSolution
		{EC7B1C28-4191-4AA8-BAD9-67E67BA40A5C}.Debug|Any CPU.ActiveCfg = Debug|Any CPU
		{EC7B1C28-4191-4AA8-BAD9-67E67BA40A5C}.Debug|Any CPU.Build.0 = Debug|Any CPU
		{EC7B1C28-4191-4AA8-BAD9-67E67BA40A5C}.Release|Any CPU.ActiveCfg = Release|Any CPU
		{EC7B1C28-4191-4AA8-BAD9-67E67BA40A5C}.Release|Any CPU.Build.0 = Release|Any CPU
	EndGlobalSection
	GlobalSection(SolutionProperties) = preSolution
		HideSolutionNode = FALSE
	EndGlobalSection
EndGlobal
